<?xml version="1.0" encoding="utf-8"?>
<Project ToolsVersion="4.0" xmlns="http://schemas.microsoft.com/developer/msbuild/2003">
  <ItemGroup>
    <ClCompile Include="AmmoManager.cpp" />
    <ClCompile Include="Collision.cpp" />
    <ClCompile Include="ECS.cpp" />
    <ClCompile Include="Game.cpp" />
    <ClCompile Include="GameObject.cpp" />
    <ClCompile Include="main.cpp" />
    <ClCompile Include="Map.cpp" />
    <ClCompile Include="Menu.cpp" />
    <ClCompile Include="MenuTexture.cpp" />
    <ClCompile Include="RenderText.cpp" />
    <ClCompile Include="TankStatusComponent.cpp" />
    <ClCompile Include="TextureManager.cpp" />
    <ClCompile Include="Vector2D.cpp" />
  </ItemGroup>
  <ItemGroup>
    <ClInclude Include="AmmoManager.h" />
    <ClInclude Include="Collision.h" />
    <ClInclude Include="CollisionComponent.h" />
    <ClInclude Include="Components.h" />
    <ClInclude Include="ECS.h" />
    <ClInclude Include="Game.h" />
    <ClInclude Include="GameObject.h" />
    <ClInclude Include="InputHandler.h" />
    <ClInclude Include="Map.h" />
    <ClInclude Include="Menu.h" />
    <ClInclude Include="MenuTexture.h" />
    <ClInclude Include="RenderText.h" />
    <ClInclude Include="SpriteComponent.h" />
    <ClInclude Include="TankStatusFunction.h" />
    <ClInclude Include="TextureManager.h" />
    <ClInclude Include="TileComponent.h" />
    <ClInclude Include="TransformComponent.h" />
    <ClInclude Include="Vector2D.h" />
  </ItemGroup>
</Project>